
Microsoft Visual Studio Solution File, Format Version 12.00
# Visual Studio Version 16
VisualStudioVersion = 16.0.29709.97
MinimumVisualStudioVersion = 10.0.40219.1
Project("{9A19103F-16F7-4668-BE54-9A1E7A4F7556}") = "RabbitMqSample.Api", "RabbitMqSample.Api\RabbitMqSample.Api.csproj", "{F777A443-1418-46F1-AC20-C044780B258D}"
EndProject
Project("{9A19103F-16F7-4668-BE54-9A1E7A4F7556}") = "RabbitMqSample.Client", "RabbitMqSample.Client\RabbitMqSample.Client.csproj", "{BEE2A197-15F6-472F-BF32-90E7E694BB5C}"
EndProject
Global
	GlobalSection(SolutionConfigurationPlatforms) = preSolution
		Debug|Any CPU = Debug|Any CPU
		Release|Any CPU = Release|Any CPU
	EndGlobalSection
	GlobalSection(ProjectConfigurationPlatforms) = postSolution
		{F777A443-1418-46F1-AC20-C044780B258D}.Debug|Any CPU.ActiveCfg = Debug|Any CPU
		{F777A443-1418-46F1-AC20-C044780B258D}.Debug|Any CPU.Build.0 = Debug|Any CPU
		{F777A443-1418-46F1-AC20-C044780B258D}.Release|Any CPU.ActiveCfg = Release|Any CPU
		{F777A443-1418-46F1-AC20-C044780B258D}.Release|Any CPU.Build.0 = Release|Any CPU
		{BEE2A197-15F6-472F-BF32-90E7E694BB5C}.Debug|Any CPU.ActiveCfg = Debug|Any CPU
		{BEE2A197-15F6-472F-BF32-90E7E694BB5C}.Debug|Any CPU.Build.0 = Debug|Any CPU
		{BEE2A197-15F6-472F-BF32-90E7E694BB5C}.Release|Any CPU.ActiveCfg = Release|Any CPU
		{BEE2A197-15F6-472F-BF32-90E7E694BB5C}.Release|Any CPU.Build.0 = Release|Any CPU
	EndGlobalSection
	GlobalSection(SolutionProperties) = preSolution
		HideSolutionNode = FALSE
	EndGlobalSection
	GlobalSection(ExtensibilityGlobals) = postSolution
		SolutionGuid = {34465DC8-576C-4806-A23F-C1F4A2B6B5A6}
	EndGlobalSection
EndGlobal
